github.com/456vv/vconn v1.4.3 h1:283Pl67TwWQMH8RKaIRPckzz9MJ9E6ANI3U1jtdwQeo=
github.com/456vv/vconn v1.4.3/go.mod h1:yfGorjvv8irTQyroGr+ueBOMR5+nKRpY1J+6qbeIGeo=
github.com/456vv/vconn v1.4.4 h1:ZTAzg17eBSpL+6GIlK4WZ6bcMOTto8g5ztirSiUZnpc=
github.com/456vv/vconn v1.4.4/go.mod h1:yfGorjvv8irTQyroGr+ueBOMR5+nKRpY1J+6qbeIGeo=
github.com/456vv/vconn v1.4.5 h1:3BcxBJy/OvI7OfRrQsXQ91VER2zf53wD3mPGxgTBff4=
github.com/456vv/vconn v1.4.5/go.mod h1:yfGorjvv8irTQyroGr+ueBOMR5+nKRpY1J+6qbeIGeo=
github.com/456vv/vconnpool v1.1.4 h1:bSEBds5X4wkBY80WajNjGKgSE2S0l/RUHRRmurshZhg=
github.com/456vv/vconnpool v1.1.4/go.mod h1:iwDV2LpD9+fWWR17T+9k/fzwkG+wOT3iJJ685v67cNA=
github.com/456vv/x/tcptest v0.0.0-20260515152012-f494c2029e04 h1:/qp7ssp6lpHsOCn6jOUD9aM+xLJAocr0JtBMyuwimHY=
github.com/456vv/x/tcptest v0.0.0-20260515152012-f494c2029e04/go.mod h1:eBFILcRPOZsfy3dZ5KxrvpD+vg6ppTHDgtkPlwRCEiY=
github.com/issue9/assert/v4 v4.3.1 h1:dHYODk1yV7j/1baIB6K6UggI4r1Hfuljqic7PaDbwLg=
github.com/issue9/assert/v4 v4.3.1/go.mod h1:v7qDRXi7AsaZZNh8eAK2rkLJg5/clztqQGA1DRv9Lv4=
